{
  "name": "gass",
  "version": "0.0.1",
  "lockfileVersion": 3,
  "requires": true,
  "packages": {
    "": {
      "name": "gass",
      "version": "0.0.1",
      "license": "MIT",
      "devDependencies": {
        "@types/google-apps-script": "^1.0.99",
        "rolldown": "^1.0.0-beta.32"
      }
    },
    "node_modules/@emnapi/core": {
      "version": "1.4.5",
      "resolved": "https://registry.npmjs.org/@emnapi/core/-/core-1.4.5.tgz",
      "integrity": "sha512-XsLw1dEOpkSX/WucdqUhPWP7hDxSvZiY+fsUC14h+FtQ2Ifni4znbBt8punRX+Uj2JG/uDb8nEHVKvrVlvdZ5Q==",
      "dev": true,
      "license": "MIT",
      "optional": true,
      "dependencies": {
        "@emnapi/wasi-threads": "1.0.4",
        "tslib": "^2.4.0"
      }
    },
    "node_modules/@emnapi/runtime": {
      "version": "1.4.5",
      "resolved": "https://registry.npmjs.org/@emnapi/runtime/-/runtime-1.4.5.tgz",
      "integrity": "sha512-++LApOtY0pEEz1zrd9vy1/zXVaVJJ/EbAF3u0fXIzPJEDtnITsBGbbK0EkM72amhl/R5b+5xx0Y/QhcVOpuulg==",
      "dev": true,
      "license": "MIT",
      "optional": true,
      "dependencies": {
        "tslib": "^2.4.0"
      }
    },
    "node_modules/@emnapi/wasi-threads": {
      "version": "1.0.4",
      "resolved": "https://registry.npmjs.org/@emnapi/wasi-threads/-/wasi-threads-1.0.4.tgz",
      "integrity": "sha512-PJR+bOmMOPH8AtcTGAyYNiuJ3/Fcoj2XN/gBEWzDIKh254XO+mM9XoXHk5GNEhodxeMznbg7BlRojVbKN+gC6g==",
      "dev": true,
      "license": "MIT",
      "optional": true,
      "dependencies": {
        "tslib": "^2.4.0"
      }
    },
    "node_modules/@napi-rs/wasm-runtime": {
      "version": "1.0.3",
      "resolved": "https://registry.npmjs.org/@napi-rs/wasm-runtime/-/wasm-runtime-1.0.3.tgz",
      "integrity": "sha512-rZxtMsLwjdXkMUGC3WwsPwLNVqVqnTJT6MNIB6e+5fhMcSCPP0AOsNWuMQ5mdCq6HNjs/ZeWAEchpqeprqBD2Q==",
      "dev": true,
      "license": "MIT",
      "optional": true,
      "dependencies": {
        "@emnapi/core": "^1.4.5",
        "@emnapi/runtime": "^1.4.5",
        "@tybys/wasm-util": "^0.10.0"
      }
    },
    "node_modules/@oxc-project/runtime": {
      "version": "0.81.0",
      "resolved": "https://registry.npmjs.org/@oxc-project/runtime/-/runtime-0.81.0.tgz",
      "integrity": "sha512-zm/LDVOq9FEmHiuM8zO4DWirv0VP2Tv2VsgaiHby9nvpq+FVrcqNYgv+TysLKOITQXWZj/roluTxFvpkHP0Iuw==",
      "dev": true,
      "license": "MIT",
      "engines": {
        "node": ">=6.9.0"
      }
    },
    "node_modules/@oxc-project/types": {
      "version": "0.81.0",
      "resolved": "https://registry.npmjs.org/@oxc-project/types/-/types-0.81.0.tgz",
      "integrity": "sha512-CnOqkybZK8z6Gx7Wb1qF7AEnSzbol1WwcIzxYOr8e91LytGOjo0wCpgoYWZo8sdbpqX+X+TJayIzo4Pv0R/KjA==",
      "dev": true,
      "license": "MIT",
      "funding": {
        "url": "https://github.com/sponsors/Boshen"
      }
    },
    "node_modules/@rolldown/binding-android-arm64": {
      "version": "1.0.0-beta.32",
      "resolved": "https://registry.npmjs.org/@rolldown/binding-android-arm64/-/binding-android-arm64-1.0.0-beta.32.tgz",
      "integrity": "sha512-Gs+313LfR4Ka3hvifdag9r44WrdKQaohya7ZXUXzARF7yx0atzFlVZjsvxtKAw1Vmtr4hB/RjUD1jf73SW7zDw==",
      "cpu": [
        "arm64"
      ],
      "dev": true,
      "license": "MIT",
      "optional": true,
      "os": [
        "android"
      ]
    },
    "node_modules/@rolldown/binding-darwin-arm64": {
      "version": "1.0.0-beta.32",
      "resolved": "https://registry.npmjs.org/@rolldown/binding-darwin-arm64/-/binding-darwin-arm64-1.0.0-beta.32.tgz",
      "integrity": "sha512-W8oMqzGcI7wKPXUtS3WJNXzbghHfNiuM1UBAGpVb+XlUCgYRQJd2PRGP7D3WGql3rR3QEhUvSyAuCBAftPQw6Q==",
      "cpu": [
        "arm64"
      ],
      "dev": true,
      "license": "MIT",
      "optional": true,
      "os": [
        "darwin"
      ]
    },
    "node_modules/@rolldown/binding-darwin-x64": {
      "version": "1.0.0-beta.32",
      "resolved": "https://registry.npmjs.org/@rolldown/binding-darwin-x64/-/binding-darwin-x64-1.0.0-beta.32.tgz",
      "integrity": "sha512-pM4c4sKUk37noJrnnDkJknLhCsfZu7aWyfe67bD0GQHfzAPjV16wPeD9CmQg4/0vv+5IfHYaa4VE536xbA+W0Q==",
      "cpu": [
        "x64"
      ],
      "dev": true,
      "license": "MIT",
      "optional": true,
      "os": [
        "darwin"
      ]
    },
    "node_modules/@rolldown/binding-freebsd-x64": {
      "version": "1.0.0-beta.32",
      "resolved": "https://registry.npmjs.org/@rolldown/binding-freebsd-x64/-/binding-freebsd-x64-1.0.0-beta.32.tgz",
      "integrity": "sha512-M8SUgFlYb5kJJWcFC8gUMRiX4WLFxPKMed3SJ2YrxontgIrEcpizPU8nLNVsRYEStoSfKHKExpQw3OP6fm+5bw==",
      "cpu": [
        "x64"
      ],
      "dev": true,
      "license": "MIT",
      "optional": true,
      "os": [
        "freebsd"
      ]
    },
    "node_modules/@rolldown/binding-linux-arm-gnueabihf": {
      "version": "1.0.0-beta.32",
      "resolved": "https://registry.npmjs.org/@rolldown/binding-linux-arm-gnueabihf/-/binding-linux-arm-gnueabihf-1.0.0-beta.32.tgz",
      "integrity": "sha512-FuQpbNC/hE//bvv29PFnk0AtpJzdPdYl5CMhlWPovd9g3Kc3lw9TrEPIbL7gRPUdhKAiq6rVaaGvOnXxsa0eww==",
      "cpu": [
        "arm"
      ],
      "dev": true,
      "license": "MIT",
      "optional": true,
      "os": [
        "linux"
      ]
    },
    "node_modules/@rolldown/binding-linux-arm64-gnu": {
      "version": "1.0.0-beta.32",
      "resolved": "https://registry.npmjs.org/@rolldown/binding-linux-arm64-gnu/-/binding-linux-arm64-gnu-1.0.0-beta.32.tgz",
      "integrity": "sha512-hRZygRlaGCjcNTNY9GV7dDI18sG1dK3cc7ujHq72LoDad23zFDUGMQjiSxHWK+/r92iMV+j2MiHbvzayxqynsg==",
      "cpu": [
        "arm64"
      ],
      "dev": true,
      "license": "MIT",
      "optional": true,
      "os": [
        "linux"
      ]
    },
    "node_modules/@rolldown/binding-linux-arm64-musl": {
      "version": "1.0.0-beta.32",
      "resolved": "https://registry.npmjs.org/@rolldown/binding-linux-arm64-musl/-/binding-linux-arm64-musl-1.0.0-beta.32.tgz",
      "integrity": "sha512-HzgT6h+CXLs+GKAU0Wvkt3rvcv0CmDBsDjlPhh4GHysOKbG9NjpKYX2zvjx671E9pGbTvcPpwy7gGsy7xpu+8g==",
      "cpu": [
        "arm64"
      ],
      "dev": true,
      "license": "MIT",
      "optional": true,
      "os": [
        "linux"
      ]
    },
    "node_modules/@rolldown/binding-linux-x64-gnu": {
      "version": "1.0.0-beta.32",
      "resolved": "https://registry.npmjs.org/@rolldown/binding-linux-x64-gnu/-/binding-linux-x64-gnu-1.0.0-beta.32.tgz",
      "integrity": "sha512-Ab/wbf6gdzphDbsg51UaxsC93foQ7wxhtg0SVCXd25BrV4MAJ1HoDtKN/f4h0maFmJobkqYub2DlmoasUzkvBg==",
      "cpu": [
        "x64"
      ],
      "dev": true,
      "license": "MIT",
      "optional": true,
      "os": [
        "linux"
      ]
    },
    "node_modules/@rolldown/binding-linux-x64-musl": {
      "version": "1.0.0-beta.32",
      "resolved": "https://registry.npmjs.org/@rolldown/binding-linux-x64-musl/-/binding-linux-x64-musl-1.0.0-beta.32.tgz",
      "integrity": "sha512-VoxqGEfh5A1Yx+zBp/FR5QwAbtzbuvky2SVc+ii4g1gLD4zww6mt/hPi5zG+b88zYPFBKHpxMtsz9cWqXU5V5Q==",
      "cpu": [
        "x64"
      ],
      "dev": true,
      "license": "MIT",
      "optional": true,
      "os": [
        "linux"
      ]
    },
    "node_modules/@rolldown/binding-openharmony-arm64": {
      "version": "1.0.0-beta.32",
      "resolved": "https://registry.npmjs.org/@rolldown/binding-openharmony-arm64/-/binding-openharmony-arm64-1.0.0-beta.32.tgz",
      "integrity": "sha512-qZ1ViyOUDGbiZrSAJ/FIAhYUElDfVxxFW6DLT/w4KeoZN3HsF4jmRP95mXtl51/oGrqzU9l9Q2f7/P4O/o2ZZA==",
      "cpu": [
        "arm64"
      ],
      "dev": true,
      "license": "MIT",
      "optional": true,
      "os": [
        "openharmony"
      ]
    },
    "node_modules/@rolldown/binding-wasm32-wasi": {
      "version": "1.0.0-beta.32",
      "resolved": "https://registry.npmjs.org/@rolldown/binding-wasm32-wasi/-/binding-wasm32-wasi-1.0.0-beta.32.tgz",
      "integrity": "sha512-hEkG3wD+f3wytV0lqwb/uCrXc4r4Ny/DWJFJPfQR3VeMWplhWGgSHNwZc2Q7k86Yi36f9NNzzWmrIuvHI9lCVw==",
      "cpu": [
        "wasm32"
      ],
      "dev": true,
      "license": "MIT",
      "optional": true,
      "dependencies": {
        "@napi-rs/wasm-runtime": "^1.0.3"
      },
      "engines": {
        "node": ">=14.0.0"
      }
    },
    "node_modules/@rolldown/binding-win32-arm64-msvc": {
      "version": "1.0.0-beta.32",
      "resolved": "https://registry.npmjs.org/@rolldown/binding-win32-arm64-msvc/-/binding-win32-arm64-msvc-1.0.0-beta.32.tgz",
      "integrity": "sha512-k3MvDf8SiA7uP2ikP0unNouJ2YCrnwi7xcVW+RDgMp5YXVr3Xu6svmT3HGn0tkCKUuPmf+uy8I5uiHt5qWQbew==",
      "cpu": [
        "arm64"
      ],
      "dev": true,
      "license": "MIT",
      "optional": true,
      "os": [
        "win32"
      ]
    },
    "node_modules/@rolldown/binding-win32-ia32-msvc": {
      "version": "1.0.0-beta.32",
      "resolved": "https://registry.npmjs.org/@rolldown/binding-win32-ia32-msvc/-/binding-win32-ia32-msvc-1.0.0-beta.32.tgz",
      "integrity": "sha512-wAi/FxGh7arDOUG45UmnXE1sZUa0hY4cXAO2qWAjFa3f7bTgz/BqwJ7XN5SUezvAJPNkME4fEpInfnBvM25a0w==",
      "cpu": [
        "ia32"
      ],
      "dev": true,
      "license": "MIT",
      "optional": true,
      "os": [
        "win32"
      ]
    },
    "node_modules/@rolldown/binding-win32-x64-msvc": {
      "version": "1.0.0-beta.32",
      "resolved": "https://registry.npmjs.org/@rolldown/binding-win32-x64-msvc/-/binding-win32-x64-msvc-1.0.0-beta.32.tgz",
      "integrity": "sha512-Ej0i4PZk8ltblZtzVK8ouaGUacUtxRmTm5S9794mdyU/tYxXjAJNseOfxrnHpMWKjMDrOKbqkPqJ52T9NR4LQQ==",
      "cpu": [
        "x64"
      ],
      "dev": true,
      "license": "MIT",
      "optional": true,
      "os": [
        "win32"
      ]
    },
    "node_modules/@rolldown/pluginutils": {
      "version": "1.0.0-beta.32",
      "resolved": "https://registry.npmjs.org/@rolldown/pluginutils/-/pluginutils-1.0.0-beta.32.tgz",
      "integrity": "sha512-QReCdvxiUZAPkvp1xpAg62IeNzykOFA6syH2CnClif4YmALN1XKpB39XneL80008UbtMShthSVDKmrx05N1q/g==",
      "dev": true,
      "license": "MIT"
    },
    "node_modules/@tybys/wasm-util": {
      "version": "0.10.0",
      "resolved": "https://registry.npmjs.org/@tybys/wasm-util/-/wasm-util-0.10.0.tgz",
      "integrity": "sha512-VyyPYFlOMNylG45GoAe0xDoLwWuowvf92F9kySqzYh8vmYm7D2u4iUJKa1tOUpS70Ku13ASrOkS4ScXFsTaCNQ==",
      "dev": true,
      "license": "MIT",
      "optional": true,
      "dependencies": {
        "tslib": "^2.4.0"
      }
    },
    "node_modules/@types/google-apps-script": {
      "version": "1.0.99",
      "resolved": "https://registry.npmjs.org/@types/google-apps-script/-/google-apps-script-1.0.99.tgz",
      "integrity": "sha512-JrOXCWxYmY1ePWZXQxegrVMdXS0vuN69AMUfDIvfz5aLZ+El5JcYllwzeXeFC1YoM3lMWtPNGjgeTxlz8jih6w==",
      "dev": true,
      "license": "MIT"
    },
    "node_modules/ansis": {
      "version": "4.1.0",
      "resolved": "https://registry.npmjs.org/ansis/-/ansis-4.1.0.tgz",
      "integrity": "sha512-BGcItUBWSMRgOCe+SVZJ+S7yTRG0eGt9cXAHev72yuGcY23hnLA7Bky5L/xLyPINoSN95geovfBkqoTlNZYa7w==",
      "dev": true,
      "license": "ISC",
      "engines": {
        "node": ">=14"
      }
    },
    "node_modules/rolldown": {
      "version": "1.0.0-beta.32",
      "resolved": "https://registry.npmjs.org/rolldown/-/rolldown-1.0.0-beta.32.tgz",
      "integrity": "sha512-vxI2sPN07MMaoYKlFrVva5qZ1Y7DAZkgp7MQwTnyHt4FUMz9Sh+YeCzNFV9JYHI6ZNwoGWLCfCViE3XVsRC1cg==",
      "dev": true,
      "license": "MIT",
      "dependencies": {
        "@oxc-project/runtime": "=0.81.0",
        "@oxc-project/types": "=0.81.0",
        "@rolldown/pluginutils": "1.0.0-beta.32",
        "ansis": "^4.0.0"
      },
      "bin": {
        "rolldown": "bin/cli.mjs"
      },
      "optionalDependencies": {
        "@rolldown/binding-android-arm64": "1.0.0-beta.32",
        "@rolldown/binding-darwin-arm64": "1.0.0-beta.32",
        "@rolldown/binding-darwin-x64": "1.0.0-beta.32",
        "@rolldown/binding-freebsd-x64": "1.0.0-beta.32",
        "@rolldown/binding-linux-arm-gnueabihf": "1.0.0-beta.32",
        "@rolldown/binding-linux-arm64-gnu": "1.0.0-beta.32",
        "@rolldown/binding-linux-arm64-musl": "1.0.0-beta.32",
        "@rolldown/binding-linux-x64-gnu": "1.0.0-beta.32",
        "@rolldown/binding-linux-x64-musl": "1.0.0-beta.32",
        "@rolldown/binding-openharmony-arm64": "1.0.0-beta.32",
        "@rolldown/binding-wasm32-wasi": "1.0.0-beta.32",
        "@rolldown/binding-win32-arm64-msvc": "1.0.0-beta.32",
        "@rolldown/binding-win32-ia32-msvc": "1.0.0-beta.32",
        "@rolldown/binding-win32-x64-msvc": "1.0.0-beta.32"
      }
    },
    "node_modules/tslib": {
      "version": "2.8.1",
      "resolved": "https://registry.npmjs.org/tslib/-/tslib-2.8.1.tgz",
      "integrity": "sha512-oJFu94HQb+KVduSUQL7wnpmqnfmLsOA/nAh6b6EH0wCEoK0/mPeXU6c3wKDV83MkOuHPRHtSXKKU99IBazS/2w==",
      "dev": true,
      "license": "0BSD",
      "optional": true
    }
  }
}
